Microsoft Visual Studio Solution File, Format Version 12.00
# Visual Studio Version 17
VisualStudioVersion = 17.5.2.0
MinimumVisualStudioVersion = 10.0.40219.1
Project("{FAE04EC0-301F-11D3-BF4B-00C04F79EFBC}") = "TestChat", "TestChat.csproj", "{31EE4BD3-90F9-FBA3-DF43-764A4E092A2A}"
EndProject
Global
	GlobalSection(SolutionConfigurationPlatforms) = preSolution
		Debug|Any CPU = Debug|Any CPU
		Release|Any CPU = Release|Any CPU
	EndGlobalSection
	GlobalSection(ProjectConfigurationPlatforms) = postSolution
		{31EE4BD3-90F9-FBA3-DF43-764A4E092A2A}.Debug|Any CPU.ActiveCfg = Debug|Any CPU
		{31EE4BD3-90F9-FBA3-DF43-764A4E092A2A}.Debug|Any CPU.Build.0 = Debug|Any CPU
		{31EE4BD3-90F9-FBA3-DF43-764A4E092A2A}.Release|Any CPU.ActiveCfg = Release|Any CPU
		{31EE4BD3-90F9-FBA3-DF43-764A4E092A2A}.Release|Any CPU.Build.0 = Release|Any CPU
	EndGlobalSection
	GlobalSection(SolutionProperties) = preSolution
		HideSolutionNode = FALSE
	EndGlobalSection
	GlobalSection(ExtensibilityGlobals) = postSolution
		SolutionGuid = {4284E046-3C08-4420-B393-A0A21D0463B8}
	EndGlobalSection
EndGlobal
